
Microsoft Visual Studio Solution File, Format Version 12.00
# Visual Studio Version 17
VisualStudioVersion = 17.5.002.0
MinimumVisualStudioVersion = 10.0.40219.1
Project("{2150E333-8FDC-42A3-9474-1A3956D46DE8}") = "csharp-prep", "csharp-prep", "{F8036D40-BF72-494C-9045-31D18E0D4119}"
EndProject
Project("{9A19103F-16F7-4668-BE54-9A1E7A4F7556}") = "Prep1", "csharp-prep\Prep1\Prep1.csproj", "{7B696FA7-5A16-4A76-8CB9-C4B943FCF3CC}"
EndProject
Project("{9A19103F-16F7-4668-BE54-9A1E7A4F7556}") = "Prep2", "csharp-prep\Prep2\Prep2.csproj", "{255CED00-D3D7-43E6-9901-F6DEDEDBC91D}"
EndProject
Project("{9A19103F-16F7-4668-BE54-9A1E7A4F7556}") = "Prep3", "csharp-prep\Prep3\Prep3.csproj", "{20626AA0-FA10-4A34-A3F1-7A03B6B40AE2}"
EndProject
Project("{9A19103F-16F7-4668-BE54-9A1E7A4F7556}") = "Prep4", "csharp-prep\Prep4\Prep4.csproj", "{87D6186D-2AA9-433A-A7B9-8AB47C2A2C2C}"
EndProject
Project("{9A19103F-16F7-4668-BE54-9A1E7A4F7556}") = "Prep5", "csharp-prep\Prep5\Prep5.csproj", "{A8BCE707-E284-4FB4-B43A-716A59E85548}"
EndProject
Project("{2150E333-8FDC-42A3-9474-1A3956D46DE8}") = "final", "final", "{3AE87EDD-750F-43FC-BCB0-9EE396AE1F9F}"
EndProject
Project("{9A19103F-16F7-4668-BE54-9A1E7A4F7556}") = "FinalProject", "final\FinalProject\FinalProject.csproj", "{49B01E0C-B99E-49D0-A8C1-EA095EF02526}"
EndProject
Project("{9A19103F-16F7-4668-BE54-9A1E7A4F7556}") = "Foundation1", "final\Foundation1\Foundation1.csproj", "{1E81968E-09DC-4E00-9390-1123B1DFCE31}"
EndProject
Project("{9A19103F-16F7-4668-BE54-9A1E7A4F7556}") = "Foundation2", "final\Foundation2\Foundation2.csproj", "{62348454-1C0E-45CA-9533-01D7D8A3F4AD}"
EndProject
Project("{9A19103F-16F7-4668-BE54-9A1E7A4F7556}") = "Foundation3", "final\Foundation3\Foundation3.csproj", "{8F0E7CED-619F-44F8-87B6-971E326E1DFD}"
EndProject
Project("{9A19103F-16F7-4668-BE54-9A1E7A4F7556}") = "Foundation4", "final\Foundation4\Foundation4.csproj", "{ABD07848-74CF-4415-A41E-0AC20EF30078}"
EndProject
Project("{2150E333-8FDC-42A3-9474-1A3956D46DE8}") = "prepare", "prepare", "{47912734-A147-4049-8B7B-5EB4FB2EBDC4}"
EndProject
Project("{9A19103F-16F7-4668-BE54-9A1E7A4F7556}") = "Learning02", "prepare\Learning02\Learning02.csproj", "{F09DAD7C-1E5B-479F-9ECA-A62EF01B893B}"
EndProject
Project("{9A19103F-16F7-4668-BE54-9A1E7A4F7556}") = "Learning03", "prepare\Learning03\Learning03.csproj", "{3D230C8E-0B9B-48E3-A23D-3D2CFAC5D477}"
EndProject
Project("{9A19103F-16F7-4668-BE54-9A1E7A4F7556}") = "Learning04", "prepare\Learning04\Learning04.csproj", "{2C49C0B1-7609-4937-9521-8F803A677DF1}"
EndProject
Project("{9A19103F-16F7-4668-BE54-9A1E7A4F7556}") = "Learning05", "prepare\Learning05\Learning05.csproj", "{C036077F-4BBF-448A-AEF5-3A70E9E19666}"
EndProject
Project("{2150E333-8FDC-42A3-9474-1A3956D46DE8}") = "prove", "prove", "{DA531209-2043-43F7-8A95-88D7E47DE932}"
EndProject
Project("{9A19103F-16F7-4668-BE54-9A1E7A4F7556}") = "Develop02", "prove\Develop02\Develop02.csproj", "{478AB671-6B38-4D5A-859C-1A8C2DB8575E}"
EndProject
Project("{9A19103F-16F7-4668-BE54-9A1E7A4F7556}") = "Develop03", "prove\Develop03\Develop03.csproj", "{CA0EAA96-244C-4230-8216-A42E23F2EF23}"
EndProject
Project("{9A19103F-16F7-4668-BE54-9A1E7A4F7556}") = "Develop04", "prove\Develop04\Develop04.csproj", "{F954695F-7359-4B58-B4AF-22309F4E9622}"
EndProject
Project("{9A19103F-16F7-4668-BE54-9A1E7A4F7556}") = "Develop05", "prove\Develop05\Develop05.csproj", "{12E5DC3B-1F9B-4C1F-978D-9C1EEDF7FCB8}"
EndProject
Project("{2150E333-8FDC-42A3-9474-1A3956D46DE8}") = "sandbox", "sandbox", "{D620AF1D-33E8-4AAE-A8DD-78BCBAD1946B}"
EndProject
Project("{9A19103F-16F7-4668-BE54-9A1E7A4F7556}") = "Sandbox", "sandbox\Sandbox\Sandbox.csproj", "{19C7BC34-9185-4EB4-AE27-CED04A940082}"
EndProject
Global
	GlobalSection(SolutionConfigurationPlatforms) = preSolution
		Debug|Any CPU = Debug|Any CPU
		Release|Any CPU = Release|Any CPU
	EndGlobalSection
	GlobalSection(ProjectConfigurationPlatforms) = postSolution
		{7B696FA7-5A16-4A76-8CB9-C4B943FCF3CC}.Debug|Any CPU.ActiveCfg = Debug|Any CPU
		{7B696FA7-5A16-4A76-8CB9-C4B943FCF3CC}.Debug|Any CPU.Build.0 = Debug|Any CPU
		{7B696FA7-5A16-4A76-8CB9-C4B943FCF3CC}.Release|Any CPU.ActiveCfg = Release|Any CPU
		{7B696FA7-5A16-4A76-8CB9-C4B943FCF3CC}.Release|Any CPU.Build.0 = Release|Any CPU
		{255CED00-D3D7-43E6-9901-F6DEDEDBC91D}.Debug|Any CPU.ActiveCfg = Debug|Any CPU
		{255CED00-D3D7-43E6-9901-F6DEDEDBC91D}.Debug|Any CPU.Build.0 = Debug|Any CPU
		{255CED00-D3D7-43E6-9901-F6DEDEDBC91D}.Release|Any CPU.ActiveCfg = Release|Any CPU
		{255CED00-D3D7-43E6-9901-F6DEDEDBC91D}.Release|Any CPU.Build.0 = Release|Any CPU
		{20626AA0-FA10-4A34-A3F1-7A03B6B40AE2}.Debug|Any CPU.ActiveCfg = Debug|Any CPU
		{20626AA0-FA10-4A34-A3F1-7A03B6B40AE2}.Debug|Any CPU.Build.0 = Debug|Any CPU
		{20626AA0-FA10-4A34-A3F1-7A03B6B40AE2}.Release|Any CPU.ActiveCfg = Release|Any CPU
		{20626AA0-FA10-4A34-A3F1-7A03B6B40AE2}.Release|Any CPU.Build.0 = Release|Any CPU
		{87D6186D-2AA9-433A-A7B9-8AB47C2A2C2C}.Debug|Any CPU.ActiveCfg = Debug|Any CPU
		{87D6186D-2AA9-433A-A7B9-8AB47C2A2C2C}.Debug|Any CPU.Build.0 = Debug|Any CPU
		{87D6186D-2AA9-433A-A7B9-8AB47C2A2C2C}.Release|Any CPU.ActiveCfg = Release|Any CPU
		{87D6186D-2AA9-433A-A7B9-8AB47C2A2C2C}.Release|Any CPU.Build.0 = Release|Any CPU
		{A8BCE707-E284-4FB4-B43A-716A59E85548}.Debug|Any CPU.ActiveCfg = Debug|Any CPU
		{A8BCE707-E284-4FB4-B43A-716A59E85548}.Debug|Any CPU.Build.0 = Debug|Any CPU
		{A8BCE707-E284-4FB4-B43A-716A59E85548}.Release|Any CPU.ActiveCfg = Release|Any CPU
		{A8BCE707-E284-4FB4-B43A-716A59E85548}.Release|Any CPU.Build.0 = Release|Any CPU
		{49B01E0C-B99E-49D0-A8C1-EA095EF02526}.Debug|Any CPU.ActiveCfg = Debug|Any CPU
		{49B01E0C-B99E-49D0-A8C1-EA095EF02526}.Debug|Any CPU.Build.0 = Debug|Any CPU
		{49B01E0C-B99E-49D0-A8C1-EA095EF02526}.Release|Any CPU.ActiveCfg = Release|Any CPU
		{49B01E0C-B99E-49D0-A8C1-EA095EF02526}.Release|Any CPU.Build.0 = Release|Any CPU
		{1E81968E-09DC-4E00-9390-1123B1DFCE31}.Debug|Any CPU.ActiveCfg = Debug|Any CPU
		{1E81968E-09DC-4E00-9390-1123B1DFCE31}.Debug|Any CPU.Build.0 = Debug|Any CPU
		{1E81968E-09DC-4E00-9390-1123B1DFCE31}.Release|Any CPU.ActiveCfg = Release|Any CPU
		{1E81968E-09DC-4E00-9390-1123B1DFCE31}.Release|Any CPU.Build.0 = Release|Any CPU
		{62348454-1C0E-45CA-9533-01D7D8A3F4AD}.Debug|Any CPU.ActiveCfg = Debug|Any CPU
		{62348454-1C0E-45CA-9533-01D7D8A3F4AD}.Debug|Any CPU.Build.0 = Debug|Any CPU
		{62348454-1C0E-45CA-9533-01D7D8A3F4AD}.Release|Any CPU.ActiveCfg = Release|Any CPU
		{62348454-1C0E-45CA-9533-01D7D8A3F4AD}.Release|Any CPU.Build.0 = Release|Any CPU
		{8F0E7CED-619F-44F8-87B6-971E326E1DFD}.Debug|Any CPU.ActiveCfg = Debug|Any CPU
		{8F0E7CED-619F-44F8-87B6-971E326E1DFD}.Debug|Any CPU.Build.0 = Debug|Any CPU
		{8F0E7CED-619F-44F8-87B6-971E326E1DFD}.Release|Any CPU.ActiveCfg = Release|Any CPU
		{8F0E7CED-619F-44F8-87B6-971E326E1DFD}.Release|Any CPU.Build.0 = Release|Any CPU
		{ABD07848-74CF-4415-A41E-0AC20EF30078}.Debug|Any CPU.ActiveCfg = Debug|Any CPU
		{ABD07848-74CF-4415-A41E-0AC20EF30078}.Debug|Any CPU.Build.0 = Debug|Any CPU
		{ABD07848-74CF-4415-A41E-0AC20EF30078}.Release|Any CPU.ActiveCfg = Release|Any CPU
		{ABD07848-74CF-4415-A41E-0AC20EF30078}.Release|Any CPU.Build.0 = Release|Any CPU
		{F09DAD7C-1E5B-479F-9ECA-A62EF01B893B}.Debug|Any CPU.ActiveCfg = Debug|Any CPU
		{F09DAD7C-1E5B-479F-9ECA-A62EF01B893B}.Debug|Any CPU.Build.0 = Debug|Any CPU
		{F09DAD7C-1E5B-479F-9ECA-A62EF01B893B}.Release|Any CPU.ActiveCfg = Release|Any CPU
		{F09DAD7C-1E5B-479F-9ECA-A62EF01B893B}.Release|Any CPU.Build.0 = Release|Any CPU
		{3D230C8E-0B9B-48E3-A23D-3D2CFAC5D477}.Debug|Any CPU.ActiveCfg = Debug|Any CPU
		{3D230C8E-0B9B-48E3-A23D-3D2CFAC5D477}.Debug|Any CPU.Build.0 = Debug|Any CPU
		{3D230C8E-0B9B-48E3-A23D-3D2CFAC5D477}.Release|Any CPU.ActiveCfg = Release|Any CPU
		{3D230C8E-0B9B-48E3-A23D-3D2CFAC5D477}.Release|Any CPU.Build.0 = Release|Any CPU
		{2C49C0B1-7609-4937-9521-8F803A677DF1}.Debug|Any CPU.ActiveCfg = Debug|Any CPU
		{2C49C0B1-7609-4937-9521-8F803A677DF1}.Debug|Any CPU.Build.0 = Debug|Any CPU
		{2C49C0B1-7609-4937-9521-8F803A677DF1}.Release|Any CPU.ActiveCfg = Release|Any CPU
		{2C49C0B1-7609-4937-9521-8F803A677DF1}.Release|Any CPU.Build.0 = Release|Any CPU
		{C036077F-4BBF-448A-AEF5-3A70E9E19666}.Debug|Any CPU.ActiveCfg = Debug|Any CPU
		{C036077F-4BBF-448A-AEF5-3A70E9E19666}.Debug|Any CPU.Build.0 = Debug|Any CPU
		{C036077F-4BBF-448A-AEF5-3A70E9E19666}.Release|Any CPU.ActiveCfg = Release|Any CPU
		{C036077F-4BBF-448A-AEF5-3A70E9E19666}.Release|Any CPU.Build.0 = Release|Any CPU
		{478AB671-6B38-4D5A-859C-1A8C2DB8575E}.Debug|Any CPU.ActiveCfg = Debug|Any CPU
		{478AB671-6B38-4D5A-859C-1A8C2DB8575E}.Debug|Any CPU.Build.0 = Debug|Any CPU
		{478AB671-6B38-4D5A-859C-1A8C2DB8575E}.Release|Any CPU.ActiveCfg = Release|Any CPU
		{478AB671-6B38-4D5A-859C-1A8C2DB8575E}.Release|Any CPU.Build.0 = Release|Any CPU
		{CA0EAA96-244C-4230-8216-A42E23F2EF23}.Debug|Any CPU.ActiveCfg = Debug|Any CPU
		{CA0EAA96-244C-4230-8216-A42E23F2EF23}.Debug|Any CPU.Build.0 = Debug|Any CPU
		{CA0EAA96-244C-4230-8216-A42E23F2EF23}.Release|Any CPU.ActiveCfg = Release|Any CPU
		{CA0EAA96-244C-4230-8216-A42E23F2EF23}.Release|Any CPU.Build.0 = Release|Any CPU
		{F954695F-7359-4B58-B4AF-22309F4E9622}.Debug|Any CPU.ActiveCfg = Debug|Any CPU
		{F954695F-7359-4B58-B4AF-22309F4E9622}.Debug|Any CPU.Build.0 = Debug|Any CPU
		{F954695F-7359-4B58-B4AF-22309F4E9622}.Release|Any CPU.ActiveCfg = Release|Any CPU
		{F954695F-7359-4B58-B4AF-22309F4E9622}.Release|Any CPU.Build.0 = Release|Any CPU
		{12E5DC3B-1F9B-4C1F-978D-9C1EEDF7FCB8}.Debug|Any CPU.ActiveCfg = Debug|Any CPU
		{12E5DC3B-1F9B-4C1F-978D-9C1EEDF7FCB8}.Debug|Any CPU.Build.0 = Debug|Any CPU
		{12E5DC3B-1F9B-4C1F-978D-9C1EEDF7FCB8}.Release|Any CPU.ActiveCfg = Release|Any CPU
		{12E5DC3B-1F9B-4C1F-978D-9C1EEDF7FCB8}.Release|Any CPU.Build.0 = Release|Any CPU
		{19C7BC34-9185-4EB4-AE27-CED04A940082}.Debug|Any CPU.ActiveCfg = Debug|Any CPU
		{19C7BC34-9185-4EB4-AE27-CED04A940082}.Debug|Any CPU.Build.0 = Debug|Any CPU
		{19C7BC34-9185-4EB4-AE27-CED04A940082}.Release|Any CPU.ActiveCfg = Release|Any CPU
		{19C7BC34-9185-4EB4-AE27-CED04A940082}.Release|Any CPU.Build.0 = Release|Any CPU
	EndGlobalSection
	GlobalSection(SolutionProperties) = preSolution
		HideSolutionNode = FALSE
	EndGlobalSection
	GlobalSection(NestedProjects) = preSolution
		{7B696FA7-5A16-4A76-8CB9-C4B943FCF3CC} = {F8036D40-BF72-494C-9045-31D18E0D4119}
		{255CED00-D3D7-43E6-9901-F6DEDEDBC91D} = {F8036D40-BF72-494C-9045-31D18E0D4119}
		{20626AA0-FA10-4A34-A3F1-7A03B6B40AE2} = {F8036D40-BF72-494C-9045-31D18E0D4119}
		{87D6186D-2AA9-433A-A7B9-8AB47C2A2C2C} = {F8036D40-BF72-494C-9045-31D18E0D4119}
		{A8BCE707-E284-4FB4-B43A-716A59E85548} = {F8036D40-BF72-494C-9045-31D18E0D4119}
		{49B01E0C-B99E-49D0-A8C1-EA095EF02526} = {3AE87EDD-750F-43FC-BCB0-9EE396AE1F9F}
		{1E81968E-09DC-4E00-9390-1123B1DFCE31} = {3AE87EDD-750F-43FC-BCB0-9EE396AE1F9F}
		{62348454-1C0E-45CA-9533-01D7D8A3F4AD} = {3AE87EDD-750F-43FC-BCB0-9EE396AE1F9F}
		{8F0E7CED-619F-44F8-87B6-971E326E1DFD} = {3AE87EDD-750F-43FC-BCB0-9EE396AE1F9F}
		{ABD07848-74CF-4415-A41E-0AC20EF30078} = {3AE87EDD-750F-43FC-BCB0-9EE396AE1F9F}
		{F09DAD7C-1E5B-479F-9ECA-A62EF01B893B} = {47912734-A147-4049-8B7B-5EB4FB2EBDC4}
		{3D230C8E-0B9B-48E3-A23D-3D2CFAC5D477} = {47912734-A147-4049-8B7B-5EB4FB2EBDC4}
		{2C49C0B1-7609-4937-9521-8F803A677DF1} = {47912734-A147-4049-8B7B-5EB4FB2EBDC4}
		{C036077F-4BBF-448A-AEF5-3A70E9E19666} = {47912734-A147-4049-8B7B-5EB4FB2EBDC4}
		{478AB671-6B38-4D5A-859C-1A8C2DB8575E} = {DA531209-2043-43F7-8A95-88D7E47DE932}
		{CA0EAA96-244C-4230-8216-A42E23F2EF23} = {DA531209-2043-43F7-8A95-88D7E47DE932}
		{F954695F-7359-4B58-B4AF-22309F4E9622} = {DA531209-2043-43F7-8A95-88D7E47DE932}
		{12E5DC3B-1F9B-4C1F-978D-9C1EEDF7FCB8} = {DA531209-2043-43F7-8A95-88D7E47DE932}
		{19C7BC34-9185-4EB4-AE27-CED04A940082} = {D620AF1D-33E8-4AAE-A8DD-78BCBAD1946B}
	EndGlobalSection
	GlobalSection(ExtensibilityGlobals) = postSolution
		SolutionGuid = {D3CF1496-8BD7-4F03-B545-569E99A41ABB}
	EndGlobalSection
EndGlobal
